
Microsoft Visual Studio Solution File, Format Version 12.00
# Visual Studio Version 17
VisualStudioVersion = 17.4.33213.308
MinimumVisualStudioVersion = 10.0.40219.1
Project("{FAE04EC0-301F-11D3-BF4B-00C04F79EFBC}") = "SwiftSaleEcommerce", "SwiftSaleEcommerce\SwiftSaleEcommerce.csproj", "{3D85FA94-641F-4D88-A682-A48483ABCF48}"
EndProject
Project("{FAE04EC0-301F-11D3-BF4B-00C04F79EFBC}") = "DAL", "DAL\DAL.csproj", "{254C05C6-0B83-4B05-A123-FC1505F80402}"
EndProject
Project("{FAE04EC0-301F-11D3-BF4B-00C04F79EFBC}") = "BLL", "DLL\BLL.csproj", "{077FB67C-6A83-453D-9F24-2F90829CD5A3}"
EndProject
Global
	GlobalSection(SolutionConfigurationPlatforms) = preSolution
		Debug|Any CPU = Debug|Any CPU
		Release|Any CPU = Release|Any CPU
	EndGlobalSection
	GlobalSection(ProjectConfigurationPlatforms) = postSolution
		{3D85FA94-641F-4D88-A682-A48483ABCF48}.Debug|Any CPU.ActiveCfg = Debug|Any CPU
		{3D85FA94-641F-4D88-A682-A48483ABCF48}.Debug|Any CPU.Build.0 = Debug|Any CPU
		{3D85FA94-641F-4D88-A682-A48483ABCF48}.Release|Any CPU.ActiveCfg = Release|Any CPU
		{3D85FA94-641F-4D88-A682-A48483ABCF48}.Release|Any CPU.Build.0 = Release|Any CPU
		{254C05C6-0B83-4B05-A123-FC1505F80402}.Debug|Any CPU.ActiveCfg = Debug|Any CPU
		{254C05C6-0B83-4B05-A123-FC1505F80402}.Debug|Any CPU.Build.0 = Debug|Any CPU
		{254C05C6-0B83-4B05-A123-FC1505F80402}.Release|Any CPU.ActiveCfg = Release|Any CPU
		{254C05C6-0B83-4B05-A123-FC1505F80402}.Release|Any CPU.Build.0 = Release|Any CPU
		{077FB67C-6A83-453D-9F24-2F90829CD5A3}.Debug|Any CPU.ActiveCfg = Debug|Any CPU
		{077FB67C-6A83-453D-9F24-2F90829CD5A3}.Debug|Any CPU.Build.0 = Debug|Any CPU
		{077FB67C-6A83-453D-9F24-2F90829CD5A3}.Release|Any CPU.ActiveCfg = Release|Any CPU
		{077FB67C-6A83-453D-9F24-2F90829CD5A3}.Release|Any CPU.Build.0 = Release|Any CPU
	EndGlobalSection
	GlobalSection(SolutionProperties) = preSolution
		HideSolutionNode = FALSE
	EndGlobalSection
	GlobalSection(ExtensibilityGlobals) = postSolution
		SolutionGuid = {4E4670AA-5B17-41CC-9B0E-5266EB08804C}
	EndGlobalSection
EndGlobal
